
Microsoft Visual Studio Solution File, Format Version 12.00
# Visual Studio 15
VisualStudioVersion = 15.0.27004.2010
MinimumVisualStudioVersion = 10.0.40219.1
Project("{9A19103F-16F7-4668-BE54-9A1E7A4F7556}") = "thinSDK", "thinSDK\thinSDK.csproj", "{9ABEEF32-2BFC-4D02-BAE0-4073F44AFEBF}"
EndProject
Project("{9A19103F-16F7-4668-BE54-9A1E7A4F7556}") = "llvm", "llvm\llvm.csproj", "{7061B8E1-1174-44BD-85B5-33DA9D38919E}"
EndProject
Project("{FAE04EC0-301F-11D3-BF4B-00C04F79EFBC}") = "thinWallet", "thinWallet\thinWallet.csproj", "{8A57F06A-9275-4DC4-91DD-9D0867C588EC}"
EndProject
Project("{2150E333-8FDC-42A3-9474-1A3956D46DE8}") = "Solution Items", "Solution Items", "{D58FE252-FE4E-4747-97E8-516E41B5AD6C}"
EndProject
Project("{9A19103F-16F7-4668-BE54-9A1E7A4F7556}") = "thinSDK_neo", "thinSDK_neo\thinSDK_neo.csproj", "{4C4BC840-34E5-4699-A96D-41E5864DCBF8}"
EndProject
Project("{9A19103F-16F7-4668-BE54-9A1E7A4F7556}") = "smartContractDemo", "smartContractDemo\smartContractDemo.csproj", "{12A5057E-11A9-4662-9485-FE0865D2CDA8}"
EndProject
Global
	GlobalSection(SolutionConfigurationPlatforms) = preSolution
		Debug|Any CPU = Debug|Any CPU
		Release|Any CPU = Release|Any CPU
	EndGlobalSection
	GlobalSection(ProjectConfigurationPlatforms) = postSolution
		{9ABEEF32-2BFC-4D02-BAE0-4073F44AFEBF}.Debug|Any CPU.ActiveCfg = Debug|Any CPU
		{9ABEEF32-2BFC-4D02-BAE0-4073F44AFEBF}.Debug|Any CPU.Build.0 = Debug|Any CPU
		{9ABEEF32-2BFC-4D02-BAE0-4073F44AFEBF}.Release|Any CPU.ActiveCfg = Release|Any CPU
		{9ABEEF32-2BFC-4D02-BAE0-4073F44AFEBF}.Release|Any CPU.Build.0 = Release|Any CPU
		{7061B8E1-1174-44BD-85B5-33DA9D38919E}.Debug|Any CPU.ActiveCfg = Debug|Any CPU
		{7061B8E1-1174-44BD-85B5-33DA9D38919E}.Debug|Any CPU.Build.0 = Debug|Any CPU
		{7061B8E1-1174-44BD-85B5-33DA9D38919E}.Release|Any CPU.ActiveCfg = Release|Any CPU
		{7061B8E1-1174-44BD-85B5-33DA9D38919E}.Release|Any CPU.Build.0 = Release|Any CPU
		{8A57F06A-9275-4DC4-91DD-9D0867C588EC}.Debug|Any CPU.ActiveCfg = Debug|Any CPU
		{8A57F06A-9275-4DC4-91DD-9D0867C588EC}.Debug|Any CPU.Build.0 = Debug|Any CPU
		{8A57F06A-9275-4DC4-91DD-9D0867C588EC}.Release|Any CPU.ActiveCfg = Release|Any CPU
		{8A57F06A-9275-4DC4-91DD-9D0867C588EC}.Release|Any CPU.Build.0 = Release|Any CPU
		{4C4BC840-34E5-4699-A96D-41E5864DCBF8}.Debug|Any CPU.ActiveCfg = Debug|Any CPU
		{4C4BC840-34E5-4699-A96D-41E5864DCBF8}.Debug|Any CPU.Build.0 = Debug|Any CPU
		{4C4BC840-34E5-4699-A96D-41E5864DCBF8}.Release|Any CPU.ActiveCfg = Release|Any CPU
		{4C4BC840-34E5-4699-A96D-41E5864DCBF8}.Release|Any CPU.Build.0 = Release|Any CPU
		{12A5057E-11A9-4662-9485-FE0865D2CDA8}.Debug|Any CPU.ActiveCfg = Debug|Any CPU
		{12A5057E-11A9-4662-9485-FE0865D2CDA8}.Debug|Any CPU.Build.0 = Debug|Any CPU
		{12A5057E-11A9-4662-9485-FE0865D2CDA8}.Release|Any CPU.ActiveCfg = Release|Any CPU
		{12A5057E-11A9-4662-9485-FE0865D2CDA8}.Release|Any CPU.Build.0 = Release|Any CPU
	EndGlobalSection
	GlobalSection(SolutionProperties) = preSolution
		HideSolutionNode = FALSE
	EndGlobalSection
	GlobalSection(ExtensibilityGlobals) = postSolution
		SolutionGuid = {F26FB502-44A1-4C0E-8AB6-CA6B84F65FE7}
	EndGlobalSection
EndGlobal
